// !$*UTF8*$!
{
	archiveVersion = 1;
	classes = {
	};
	objectVersion = 77;
	objects = {

/* Begin PBXBuildFile section */
		E2950BB42CDB4AFF00CF6058 /* RealityKitContent in Frameworks */ = {isa = PBXBuildFile; productRef = E2950BB32CDB4AFF00CF6058 /* RealityKitContent */; };
/* End PBXBuildFile section */

/* Begin PBXContainerItemProxy section */
		E2950BCA2CDB4B0100CF6058 /* PBXContainerItemProxy */ = {
			isa = PBXContainerItemProxy;
			containerPortal = E2950BA62CDB4AFF00CF6058 /* Project object */;
			proxyType = 1;
			remoteGlobalIDString = E2950BAD2CDB4AFF00CF6058;
			remoteInfo = DrugCertificationForVisionOS;
		};
/* End PBXContainerItemProxy section */

/* Begin PBXFileReference section */
		E2950BAE2CDB4AFF00CF6058 /* DrugCertificationForVisionOS.app */ = {isa = PBXFileReference; explicitFileType = wrapper.application; includeInIndex = 0; path = DrugCertificationForVisionOS.app; sourceTree = BUILT_PRODUCTS_DIR; };
		E2950BB22CDB4AFF00CF6058 /* RealityKitContent */ = {isa = PBXFileReference; lastKnownFileType = wrapper; path = RealityKitContent; sourceTree = "<group>"; };
		E2950BC92CDB4B0100CF6058 /* DrugCertificationForVisionOSTests.xctest */ = {isa = PBXFileReference; explicitFileType = wrapper.cfbundle; includeInIndex = 0; path = DrugCertificationForVisionOSTests.xctest; sourceTree = BUILT_PRODUCTS_DIR; };
/* End PBXFileReference section */

/* Begin PBXFileSystemSynchronizedBuildFileExceptionSet section */
		E2950BCF2CDB4B0100CF6058 /* Exceptions for "DrugCertificationForVisionOS" folder in "DrugCertificationForVisionOS" target */ = {
			isa = PBXFileSystemSynchronizedBuildFileExceptionSet;
			membershipExceptions = (
				Info.plist,
			);
			target = E2950BAD2CDB4AFF00CF6058 /* DrugCertificationForVisionOS */;
		};
/* End PBXFileSystemSynchronizedBuildFileExceptionSet section */

/* Begin PBXFileSystemSynchronizedRootGroup section */
		E2950BB02CDB4AFF00CF6058 /* DrugCertificationForVisionOS */ = {
			isa = PBXFileSystemSynchronizedRootGroup;
			exceptions = (
				E2950BCF2CDB4B0100CF6058 /* Exceptions for "DrugCertificationForVisionOS" folder in "DrugCertificationForVisionOS" target */,
			);
			path = DrugCertificationForVisionOS;
			sourceTree = "<group>";
		};
		E2950BCC2CDB4B0100CF6058 /* DrugCertificationForVisionOSTests */ = {
			isa = PBXFileSystemSynchronizedRootGroup;
			path = DrugCertificationForVisionOSTests;
			sourceTree = "<group>";
		};
/* End PBXFileSystemSynchronizedRootGroup section */

/* Begin PBXFrameworksBuildPhase section */
		E2950BAB2CDB4AFF00CF6058 /* Frameworks */ = {
			isa = PBXFrameworksBuildPhase;
			buildActionMask = 2147483647;
			files = (
				E2950BB42CDB4AFF00CF6058 /* RealityKitContent in Frameworks */,
			);
			runOnlyForDeploymentPostprocessing = 0;
		};
		E2950BC62CDB4B0100CF6058 /* Frameworks */ = {
			isa = PBXFrameworksBuildPhase;
			buildActionMask = 2147483647;
			files = (
			);
			runOnlyForDeploymentPostprocessing = 0;
		};
/* End PBXFrameworksBuildPhase section */

/* Begin PBXGroup section */
		E2950BA52CDB4AFF00CF6058 = {
			isa = PBXGroup;
			children = (
				E2950BB02CDB4AFF00CF6058 /* DrugCertificationForVisionOS */,
				E2950BB12CDB4AFF00CF6058 /* Packages */,
				E2950BCC2CDB4B0100CF6058 /* DrugCertificationForVisionOSTests */,
				E2950BAF2CDB4AFF00CF6058 /* Products */,
			);
			sourceTree = "<group>";
		};
		E2950BAF2CDB4AFF00CF6058 /* Products */ = {
			isa = PBXGroup;
			children = (
				E2950BAE2CDB4AFF00CF6058 /* DrugCertificationForVisionOS.app */,
				E2950BC92CDB4B0100CF6058 /* DrugCertificationForVisionOSTests.xctest */,
			);
			name = Products;
			sourceTree = "<group>";
		};
		E2950BB12CDB4AFF00CF6058 /* Packages */ = {
			isa = PBXGroup;
			children = (
				E2950BB22CDB4AFF00CF6058 /* RealityKitContent */,
			);
			path = Packages;
			sourceTree = "<group>";
		};
/* End PBXGroup section */

/* Begin PBXNativeTarget section */
		E2950BAD2CDB4AFF00CF6058 /* DrugCertificationForVisionOS */ = {
			isa = PBXNativeTarget;
			buildConfigurationList = E2950BD02CDB4B0100CF6058 /* Build configuration list for PBXNativeTarget "DrugCertificationForVisionOS" */;
			buildPhases = (
				E2950BAA2CDB4AFF00CF6058 /* Sources */,
				E2950BAB2CDB4AFF00CF6058 /* Frameworks */,
				E2950BAC2CDB4AFF00CF6058 /* Resources */,
			);
			buildRules = (
			);
			dependencies = (
			);
			fileSystemSynchronizedGroups = (
				E2950BB02CDB4AFF00CF6058 /* DrugCertificationForVisionOS */,
			);
			name = DrugCertificationForVisionOS;
			packageProductDependencies = (
				E2950BB32CDB4AFF00CF6058 /* RealityKitContent */,
			);
			productName = DrugCertificationForVisionOS;
			productReference = E2950BAE2CDB4AFF00CF6058 /* DrugCertificationForVisionOS.app */;
			productType = "com.apple.product-type.application";
		};
		E2950BC82CDB4B0100CF6058 /* DrugCertificationForVisionOSTests */ = {
			isa = PBXNativeTarget;
			buildConfigurationList = E2950BD52CDB4B0100CF6058 /* Build configuration list for PBXNativeTarget "DrugCertificationForVisionOSTests" */;
			buildPhases = (
				E2950BC52CDB4B0100CF6058 /* Sources */,
				E2950BC62CDB4B0100CF6058 /* Frameworks */,
				E2950BC72CDB4B0100CF6058 /* Resources */,
			);
			buildRules = (
			);
			dependencies = (
				E2950BCB2CDB4B0100CF6058 /* PBXTargetDependency */,
			);
			fileSystemSynchronizedGroups = (
				E2950BCC2CDB4B0100CF6058 /* DrugCertificationForVisionOSTests */,
			);
			name = DrugCertificationForVisionOSTests;
			packageProductDependencies = (
			);
			productName = DrugCertificationForVisionOSTests;
			productReference = E2950BC92CDB4B0100CF6058 /* DrugCertificationForVisionOSTests.xctest */;
			productType = "com.apple.product-type.bundle.unit-test";
		};
/* End PBXNativeTarget section */

/* Begin PBXProject section */
		E2950BA62CDB4AFF00CF6058 /* Project object */ = {
			isa = PBXProject;
			attributes = {
				BuildIndependentTargetsInParallel = 1;
				LastSwiftUpdateCheck = 1610;
				LastUpgradeCheck = 1610;
				TargetAttributes = {
					E2950BAD2CDB4AFF00CF6058 = {
						CreatedOnToolsVersion = 16.1;
					};
					E2950BC82CDB4B0100CF6058 = {
						CreatedOnToolsVersion = 16.1;
						TestTargetID = E2950BAD2CDB4AFF00CF6058;
					};
				};
			};
			buildConfigurationList = E2950BA92CDB4AFF00CF6058 /* Build configuration list for PBXProject "DrugCertificationForVisionOS" */;
			developmentRegion = en;
			hasScannedForEncodings = 0;
			knownRegions = (
				en,
				Base,
			);
			mainGroup = E2950BA52CDB4AFF00CF6058;
			minimizedProjectReferenceProxies = 1;
			preferredProjectObjectVersion = 77;
			productRefGroup = E2950BAF2CDB4AFF00CF6058 /* Products */;
			projectDirPath = "";
			projectRoot = "";
			targets = (
				E2950BAD2CDB4AFF00CF6058 /* DrugCertificationForVisionOS */,
				E2950BC82CDB4B0100CF6058 /* DrugCertificationForVisionOSTests */,
			);
		};
/* End PBXProject section */

/* Begin PBXResourcesBuildPhase section */
		E2950BAC2CDB4AFF00CF6058 /* Resources */ = {
			isa = PBXResourcesBuildPhase;
			buildActionMask = 2147483647;
			files = (
			);
			runOnlyForDeploymentPostprocessing = 0;
		};
		E2950BC72CDB4B0100CF6058 /* Resources */ = {
			isa = PBXResourcesBuildPhase;
			buildActionMask = 2147483647;
			files = (
			);
			runOnlyForDeploymentPostprocessing = 0;
		};
/* End PBXResourcesBuildPhase section */

/* Begin PBXSourcesBuildPhase section */
		E2950BAA2CDB4AFF00CF6058 /* Sources */ = {
			isa = PBXSourcesBuildPhase;
			buildActionMask = 2147483647;
			files = (
			);
			runOnlyForDeploymentPostprocessing = 0;
		};
		E2950BC52CDB4B0100CF6058 /* Sources */ = {
			isa = PBXSourcesBuildPhase;
			buildActionMask = 2147483647;
			files = (
			);
			runOnlyForDeploymentPostprocessing = 0;
		};
/* End PBXSourcesBuildPhase section */

/* Begin PBXTargetDependency section */
		E2950BCB2CDB4B0100CF6058 /* PBXTargetDependency */ = {
			isa = PBXTargetDependency;
			target = E2950BAD2CDB4AFF00CF6058 /* DrugCertificationForVisionOS */;
			targetProxy = E2950BCA2CDB4B0100CF6058 /* PBXContainerItemProxy */;
		};
/* End PBXTargetDependency section */

/* Begin XCBuildConfiguration section */
		E2950BD12CDB4B0100CF6058 /* Debug */ = {
			isa = XCBuildConfiguration;
			buildSettings = {
				ASSETCATALOG_COMPILER_APPICON_NAME = AppIcon;
				ASSETCATALOG_COMPILER_GLOBAL_ACCENT_COLOR_NAME = AccentColor;
				CODE_SIGN_STYLE = Automatic;
				CURRENT_PROJECT_VERSION = 1;
				DEVELOPMENT_ASSET_PATHS = "\"DrugCertificationForVisionOS/Preview Content\"";
				DEVELOPMENT_TEAM = V97AWBC9HH;
				ENABLE_PREVIEWS = YES;
				GENERATE_INFOPLIST_FILE = YES;
				INFOPLIST_FILE = "$(TARGET_NAME)/Info.plist";
				LD_RUNPATH_SEARCH_PATHS = (
					"$(inherited)",
					"@executable_path/Frameworks",
				);
				MARKETING_VERSION = 1.0;
				PRODUCT_BUNDLE_IDENTIFIER = yuu20030814.DrugCertificationForVisionOS;
				PRODUCT_NAME = "$(TARGET_NAME)";
				SUPPORTED_PLATFORMS = "xros xrsimulator";
				SWIFT_EMIT_LOC_STRINGS = YES;
				SWIFT_VERSION = 5.0;
				TARGETED_DEVICE_FAMILY = 7;
			};
			name = Debug;
		};
		E2950BD22CDB4B0100CF6058 /* Release */ = {
			isa = XCBuildConfiguration;
			buildSettings = {
				ASSETCATALOG_COMPILER_APPICON_NAME = AppIcon;
				ASSETCATALOG_COMPILER_GLOBAL_ACCENT_COLOR_NAME = AccentColor;
				CODE_SIGN_STYLE = Automatic;
				CURRENT_PROJECT_VERSION = 1;
				DEVELOPMENT_ASSET_PATHS = "\"DrugCertificationForVisionOS/Preview Content\"";
				DEVELOPMENT_TEAM = V97AWBC9HH;
				ENABLE_PREVIEWS = YES;
				GENERATE_INFOPLIST_FILE = YES;
				INFOPLIST_FILE = "$(TARGET_NAME)/Info.plist";
				LD_RUNPATH_SEARCH_PATHS = (
					"$(inherited)",
					"@executable_path/Frameworks",
				);
				MARKETING_VERSION = 1.0;
				PRODUCT_BUNDLE_IDENTIFIER = yuu20030814.DrugCertificationForVisionOS;
				PRODUCT_NAME = "$(TARGET_NAME)";
				SUPPORTED_PLATFORMS = "xros xrsimulator";
				SWIFT_EMIT_LOC_STRINGS = YES;
				SWIFT_VERSION = 5.0;
				TARGETED_DEVICE_FAMILY = 7;
			};
			name = Release;
		};
		E2950BD32CDB4B0100CF6058 /* Debug */ = {
			isa = XCBuildConfiguration;
			buildSettings = {
				ALWAYS_SEARCH_USER_PATHS = NO;
				ASSETCATALOG_COMPILER_GENERATE_SWIFT_ASSET_SYMBOL_EXTENSIONS = YES;
				CLANG_ANALYZER_NONNULL = YES;
				CLANG_ANALYZER_NUMBER_OBJECT_CONVERSION = YES_AGGRESSIVE;
				CLANG_CXX_LANGUAGE_STANDARD = "gnu++20";
				CLANG_ENABLE_MODULES = YES;
				CLANG_ENABLE_OBJC_ARC = YES;
				CLANG_ENABLE_OBJC_WEAK = YES;
				CLANG_WARN_BLOCK_CAPTURE_AUTORELEASING = YES;
				CLANG_WARN_BOOL_CONVERSION = YES;
				CLANG_WARN_COMMA = YES;
				CLANG_WARN_CONSTANT_CONVERSION = YES;
				CLANG_WARN_DEPRECATED_OBJC_IMPLEMENTATIONS = YES;
				CLANG_WARN_DIRECT_OBJC_ISA_USAGE = YES_ERROR;
				CLANG_WARN_DOCUMENTATION_COMMENTS = YES;
				CLANG_WARN_EMPTY_BODY = YES;
				CLANG_WARN_ENUM_CONVERSION = YES;
				CLANG_WARN_INFINITE_RECURSION = YES;
				CLANG_WARN_INT_CONVERSION = YES;
				CLANG_WARN_NON_LITERAL_NULL_CONVERSION = YES;
				CLANG_WARN_OBJC_IMPLICIT_RETAIN_SELF = YES;
				CLANG_WARN_OBJC_LITERAL_CONVERSION = YES;
				CLANG_WARN_OBJC_ROOT_CLASS = YES_ERROR;
				CLANG_WARN_QUOTED_INCLUDE_IN_FRAMEWORK_HEADER = YES;
				CLANG_WARN_RANGE_LOOP_ANALYSIS = YES;
				CLANG_WARN_STRICT_PROTOTYPES = YES;
				CLANG_WARN_SUSPICIOUS_MOVE = YES;
				CLANG_WARN_UNGUARDED_AVAILABILITY = YES_AGGRESSIVE;
				CLANG_WARN_UNREACHABLE_CODE = YES;
				CLANG_WARN__DUPLICATE_METHOD_MATCH = YES;
				COPY_PHASE_STRIP = NO;
				DEBUG_INFORMATION_FORMAT = dwarf;
				ENABLE_STRICT_OBJC_MSGSEND = YES;
				ENABLE_TESTABILITY = YES;
				ENABLE_USER_SCRIPT_SANDBOXING = YES;
				GCC_C_LANGUAGE_STANDARD = gnu17;
				GCC_DYNAMIC_NO_PIC = NO;
				GCC_NO_COMMON_BLOCKS = YES;
				GCC_OPTIMIZATION_LEVEL = 0;
				GCC_PREPROCESSOR_DEFINITIONS = (
					"DEBUG=1",
					"$(inherited)",
				);
				GCC_WARN_64_TO_32_BIT_CONVERSION = YES;
				GCC_WARN_ABOUT_RETURN_TYPE = YES_ERROR;
				GCC_WARN_UNDECLARED_SELECTOR = YES;
				GCC_WARN_UNINITIALIZED_AUTOS = YES_AGGRESSIVE;
				GCC_WARN_UNUSED_FUNCTION = YES;
				GCC_WARN_UNUSED_VARIABLE = YES;
				LOCALIZATION_PREFERS_STRING_CATALOGS = YES;
				MTL_ENABLE_DEBUG_INFO = INCLUDE_SOURCE;
				MTL_FAST_MATH = YES;
				ONLY_ACTIVE_ARCH = YES;
				SDKROOT = xros;
				SWIFT_ACTIVE_COMPILATION_CONDITIONS = "DEBUG $(inherited)";
				SWIFT_OPTIMIZATION_LEVEL = "-Onone";
				XROS_DEPLOYMENT_TARGET = 2.1;
			};
			name = Debug;
		};
		E2950BD42CDB4B0100CF6058 /* Release */ = {
			isa = XCBuildConfiguration;
			buildSettings = {
				ALWAYS_SEARCH_USER_PATHS = NO;
				ASSETCATALOG_COMPILER_GENERATE_SWIFT_ASSET_SYMBOL_EXTENSIONS = YES;
				CLANG_ANALYZER_NONNULL = YES;
				CLANG_ANALYZER_NUMBER_OBJECT_CONVERSION = YES_AGGRESSIVE;
				CLANG_CXX_LANGUAGE_STANDARD = "gnu++20";
				CLANG_ENABLE_MODULES = YES;
				CLANG_ENABLE_OBJC_ARC = YES;
				CLANG_ENABLE_OBJC_WEAK = YES;
				CLANG_WARN_BLOCK_CAPTURE_AUTORELEASING = YES;
				CLANG_WARN_BOOL_CONVERSION = YES;
				CLANG_WARN_COMMA = YES;
				CLANG_WARN_CONSTANT_CONVERSION = YES;
				CLANG_WARN_DEPRECATED_OBJC_IMPLEMENTATIONS = YES;
				CLANG_WARN_DIRECT_OBJC_ISA_USAGE = YES_ERROR;
				CLANG_WARN_DOCUMENTATION_COMMENTS = YES;
				CLANG_WARN_EMPTY_BODY = YES;
				CLANG_WARN_ENUM_CONVERSION = YES;
				CLANG_WARN_INFINITE_RECURSION = YES;
				CLANG_WARN_INT_CONVERSION = YES;
				CLANG_WARN_NON_LITERAL_NULL_CONVERSION = YES;
				CLANG_WARN_OBJC_IMPLICIT_RETAIN_SELF = YES;
				CLANG_WARN_OBJC_LITERAL_CONVERSION = YES;
				CLANG_WARN_OBJC_ROOT_CLASS = YES_ERROR;
				CLANG_WARN_QUOTED_INCLUDE_IN_FRAMEWORK_HEADER = YES;
				CLANG_WARN_RANGE_LOOP_ANALYSIS = YES;
				CLANG_WARN_STRICT_PROTOTYPES = YES;
				CLANG_WARN_SUSPICIOUS_MOVE = YES;
				CLANG_WARN_UNGUARDED_AVAILABILITY = YES_AGGRESSIVE;
				CLANG_WARN_UNREACHABLE_CODE = YES;
				CLANG_WARN__DUPLICATE_METHOD_MATCH = YES;
				COPY_PHASE_STRIP = NO;
				DEBUG_INFORMATION_FORMAT = "dwarf-with-dsym";
				ENABLE_NS_ASSERTIONS = NO;
				ENABLE_STRICT_OBJC_MSGSEND = YES;
				ENABLE_USER_SCRIPT_SANDBOXING = YES;
				GCC_C_LANGUAGE_STANDARD = gnu17;
				GCC_NO_COMMON_BLOCKS = YES;
				GCC_WARN_64_TO_32_BIT_CONVERSION = YES;
				GCC_WARN_ABOUT_RETURN_TYPE = YES_ERROR;
				GCC_WARN_UNDECLARED_SELECTOR = YES;
				GCC_WARN_UNINITIALIZED_AUTOS = YES_AGGRESSIVE;
				GCC_WARN_UNUSED_FUNCTION = YES;
				GCC_WARN_UNUSED_VARIABLE = YES;
				LOCALIZATION_PREFERS_STRING_CATALOGS = YES;
				MTL_ENABLE_DEBUG_INFO = NO;
				MTL_FAST_MATH = YES;
				SDKROOT = xros;
				SWIFT_COMPILATION_MODE = wholemodule;
				VALIDATE_PRODUCT = YES;
				XROS_DEPLOYMENT_TARGET = 2.1;
			};
			name = Release;
		};
		E2950BD62CDB4B0100CF6058 /* Debug */ = {
			isa = XCBuildConfiguration;
			buildSettings = {
				BUNDLE_LOADER = "$(TEST_HOST)";
				CODE_SIGN_STYLE = Automatic;
				CURRENT_PROJECT_VERSION = 1;
				DEVELOPMENT_TEAM = V97AWBC9HH;
				GENERATE_INFOPLIST_FILE = YES;
				MARKETING_VERSION = 1.0;
				PRODUCT_BUNDLE_IDENTIFIER = yuu20030814.DrugCertificationForVisionOSTests;
				PRODUCT_NAME = "$(TARGET_NAME)";
				SUPPORTED_PLATFORMS = "xros xrsimulator";
				SWIFT_EMIT_LOC_STRINGS = NO;
				SWIFT_VERSION = 5.0;
				TARGETED_DEVICE_FAMILY = 7;
				TEST_HOST = "$(BUILT_PRODUCTS_DIR)/DrugCertificationForVisionOS.app/$(BUNDLE_EXECUTABLE_FOLDER_PATH)/DrugCertificationForVisionOS";
				XROS_DEPLOYMENT_TARGET = 2.1;
			};
			name = Debug;
		};
		E2950BD72CDB4B0100CF6058 /* Release */ = {
			isa = XCBuildConfiguration;
			buildSettings = {
				BUNDLE_LOADER = "$(TEST_HOST)";
				CODE_SIGN_STYLE = Automatic;
				CURRENT_PROJECT_VERSION = 1;
				DEVELOPMENT_TEAM = V97AWBC9HH;
				GENERATE_INFOPLIST_FILE = YES;
				MARKETING_VERSION = 1.0;
				PRODUCT_BUNDLE_IDENTIFIER = yuu20030814.DrugCertificationForVisionOSTests;
				PRODUCT_NAME = "$(TARGET_NAME)";
				SUPPORTED_PLATFORMS = "xros xrsimulator";
				SWIFT_EMIT_LOC_STRINGS = NO;
				SWIFT_VERSION = 5.0;
				TARGETED_DEVICE_FAMILY = 7;
				TEST_HOST = "$(BUILT_PRODUCTS_DIR)/DrugCertificationForVisionOS.app/$(BUNDLE_EXECUTABLE_FOLDER_PATH)/DrugCertificationForVisionOS";
				XROS_DEPLOYMENT_TARGET = 2.1;
			};
			name = Release;
		};
/* End XCBuildConfiguration section */

/* Begin XCConfigurationList section */
		E2950BA92CDB4AFF00CF6058 /* Build configuration list for PBXProject "DrugCertificationForVisionOS" */ = {
			isa = XCConfigurationList;
			buildConfigurations = (
				E2950BD32CDB4B0100CF6058 /* Debug */,
				E2950BD42CDB4B0100CF6058 /* Release */,
			);
			defaultConfigurationIsVisible = 0;
			defaultConfigurationName = Release;
		};
		E2950BD02CDB4B0100CF6058 /* Build configuration list for PBXNativeTarget "DrugCertificationForVisionOS" */ = {
			isa = XCConfigurationList;
			buildConfigurations = (
				E2950BD12CDB4B0100CF6058 /* Debug */,
				E2950BD22CDB4B0100CF6058 /* Release */,
			);
			defaultConfigurationIsVisible = 0;
			defaultConfigurationName = Release;
		};
		E2950BD52CDB4B0100CF6058 /* Build configuration list for PBXNativeTarget "DrugCertificationForVisionOSTests" */ = {
			isa = XCConfigurationList;
			buildConfigurations = (
				E2950BD62CDB4B0100CF6058 /* Debug */,
				E2950BD72CDB4B0100CF6058 /* Release */,
			);
			defaultConfigurationIsVisible = 0;
			defaultConfigurationName = Release;
		};
/* End XCConfigurationList section */

/* Begin XCSwiftPackageProductDependency section */
		E2950BB32CDB4AFF00CF6058 /* RealityKitContent */ = {
			isa = XCSwiftPackageProductDependency;
			productName = RealityKitContent;
		};
/* End XCSwiftPackageProductDependency section */
	};
	rootObject = E2950BA62CDB4AFF00CF6058 /* Project object */;
}
